
Microsoft Visual Studio Solution File, Format Version 12.00
# Visual Studio 15
VisualStudioVersion = 15.0.27130.2020
MinimumVisualStudioVersion = 10.0.40219.1
Project("{FAE04EC0-301F-11D3-BF4B-00C04F79EFBC}") = "TryToMVP", "TryToMVP\TryToMVP.csproj", "{954CF157-8396-49C0-B1A7-4F98EEA0DDEB}"
EndProject
Global
	GlobalSection(SolutionConfigurationPlatforms) = preSolution
		Debug|Any CPU = Debug|Any CPU
		Release|Any CPU = Release|Any CPU
	EndGlobalSection
	GlobalSection(ProjectConfigurationPlatforms) = postSolution
		{954CF157-8396-49C0-B1A7-4F98EEA0DDEB}.Debug|Any CPU.ActiveCfg = Debug|Any CPU
		{954CF157-8396-49C0-B1A7-4F98EEA0DDEB}.Debug|Any CPU.Build.0 = Debug|Any CPU
		{954CF157-8396-49C0-B1A7-4F98EEA0DDEB}.Release|Any CPU.ActiveCfg = Release|Any CPU
		{954CF157-8396-49C0-B1A7-4F98EEA0DDEB}.Release|Any CPU.Build.0 = Release|Any CPU
	EndGlobalSection
	GlobalSection(SolutionProperties) = preSolution
		HideSolutionNode = FALSE
	EndGlobalSection
	GlobalSection(ExtensibilityGlobals) = postSolution
		SolutionGuid = {FF717315-EC57-48EC-A073-8EA449399279}
	EndGlobalSection
EndGlobal
